
Microsoft Visual Studio Solution File, Format Version 12.00
# Visual Studio Version 17
VisualStudioVersion = 17.2.32616.157
MinimumVisualStudioVersion = 10.0.40219.1
Project("{FAE04EC0-301F-11D3-BF4B-00C04F79EFBC}") = "EventoUp", "EventoUp\EventoUp.csproj", "{7982FEC9-7048-4F60-92C0-AF890DF20026}"
EndProject
Global
	GlobalSection(SolutionConfigurationPlatforms) = preSolution
		Debug|Any CPU = Debug|Any CPU
		Release|Any CPU = Release|Any CPU
	EndGlobalSection
	GlobalSection(ProjectConfigurationPlatforms) = postSolution
		{7982FEC9-7048-4F60-92C0-AF890DF20026}.Debug|Any CPU.ActiveCfg = Debug|Any CPU
		{7982FEC9-7048-4F60-92C0-AF890DF20026}.Debug|Any CPU.Build.0 = Debug|Any CPU
		{7982FEC9-7048-4F60-92C0-AF890DF20026}.Release|Any CPU.ActiveCfg = Release|Any CPU
		{7982FEC9-7048-4F60-92C0-AF890DF20026}.Release|Any CPU.Build.0 = Release|Any CPU
	EndGlobalSection
	GlobalSection(SolutionProperties) = preSolution
		HideSolutionNode = FALSE
	EndGlobalSection
	GlobalSection(ExtensibilityGlobals) = postSolution
		SolutionGuid = {B7E9B148-38D1-4113-A62E-61854C0B5774}
	EndGlobalSection
EndGlobal
